<?xml version="1.0" encoding="utf-8"?>
<Project ToolsVersion="4.0" xmlns="http://schemas.microsoft.com/developer/msbuild/2003">
  <ItemGroup>
    <Filter Include="Source Files">
      <UniqueIdentifier>{4FC737F1-C7A5-4376-A066-2A32D752A2FF}</UniqueIdentifier>
      <Extensions>cpp;c;cc;cxx;def;odl;idl;hpj;bat;asm;asmx</Extensions>
    </Filter>
    <Filter Include="Header Files">
      <UniqueIdentifier>{93995380-89BD-4b04-88EB-625FBE52EBFB}</UniqueIdentifier>
      <Extensions>h;hpp;hxx;hm;inl;inc;xsd</Extensions>
    </Filter>
  </ItemGroup>
  <ItemGroup>
    <ClInclude Include="include\base64.h">
      <Filter>Header Files</Filter>
    </ClInclude>
    <ClInclude Include="include\char_buffer.h">
      <Filter>Header Files</Filter>
    </ClInclude>
    <ClInclude Include="include\device_listener.h">
      <Filter>Header Files</Filter>
    </ClInclude>
    <ClInclude Include="include\hash_table.h">
      <Filter>Header Files</Filter>
    </ClInclude>
    <ClInclude Include="include\ios_webkit_debug_proxy.h">
      <Filter>Header Files</Filter>
    </ClInclude>
    <ClInclude Include="include\port_config.h">
      <Filter>Header Files</Filter>
    </ClInclude>
    <ClInclude Include="include\sha1.h">
      <Filter>Header Files</Filter>
    </ClInclude>
    <ClInclude Include="include\socket_manager.h">
      <Filter>Header Files</Filter>
    </ClInclude>
    <ClInclude Include="include\validate_utf8.h">
      <Filter>Header Files</Filter>
    </ClInclude>
    <ClInclude Include="include\webinspector.h">
      <Filter>Header Files</Filter>
    </ClInclude>
    <ClInclude Include="include\websocket.h">
      <Filter>Header Files</Filter>
    </ClInclude>
  </ItemGroup>
  <ItemGroup>
    <ClCompile Include="src\base64.c">
      <Filter>Source Files</Filter>
    </ClCompile>
    <ClCompile Include="src\char_buffer.c">
      <Filter>Source Files</Filter>
    </ClCompile>
    <ClCompile Include="src\device_listener.c">
      <Filter>Source Files</Filter>
    </ClCompile>
    <ClCompile Include="src\hash_table.c">
      <Filter>Source Files</Filter>
    </ClCompile>
    <ClCompile Include="src\ios_webkit_debug_proxy.c">
      <Filter>Source Files</Filter>
    </ClCompile>
    <ClCompile Include="src\ios_webkit_debug_proxy_main.c">
      <Filter>Source Files</Filter>
    </ClCompile>
    <ClCompile Include="src\port_config.c">
      <Filter>Source Files</Filter>
    </ClCompile>
    <ClCompile Include="src\sha1.c">
      <Filter>Source Files</Filter>
    </ClCompile>
    <ClCompile Include="src\socket_manager.c">
      <Filter>Source Files</Filter>
    </ClCompile>
    <ClCompile Include="src\webinspector.c">
      <Filter>Source Files</Filter>
    </ClCompile>
    <ClCompile Include="src\websocket.c">
      <Filter>Source Files</Filter>
    </ClCompile>
  </ItemGroup>
</Project>